
Microsoft Visual Studio Solution File, Format Version 12.00
# Visual Studio Version 17
VisualStudioVersion = 17.0.31903.59
MinimumVisualStudioVersion = 10.0.40219.1
Project("{F2A71F9B-5D33-465A-A702-920D77279786}") = "CustomerLiveDomain", "CustomerLiveDomain\CustomerLiveDomain.fsproj", "{5ADB120B-B45E-430A-A888-3EA62AEE70A5}"
EndProject
Project("{FAE04EC0-301F-11D3-BF4B-00C04F79EFBC}") = "CustomerLiveDemo", "CustomerLiveDemo\CustomerLiveDemo.csproj", "{FC632A41-6C2E-4E1B-8340-0EC189693F60}"
EndProject
Global
	GlobalSection(SolutionConfigurationPlatforms) = preSolution
		Debug|Any CPU = Debug|Any CPU
		Debug|x64 = Debug|x64
		Debug|x86 = Debug|x86
		Release|Any CPU = Release|Any CPU
		Release|x64 = Release|x64
		Release|x86 = Release|x86
	EndGlobalSection
	GlobalSection(ProjectConfigurationPlatforms) = postSolution
		{5ADB120B-B45E-430A-A888-3EA62AEE70A5}.Debug|Any CPU.ActiveCfg = Debug|Any CPU
		{5ADB120B-B45E-430A-A888-3EA62AEE70A5}.Debug|Any CPU.Build.0 = Debug|Any CPU
		{5ADB120B-B45E-430A-A888-3EA62AEE70A5}.Debug|x64.ActiveCfg = Debug|Any CPU
		{5ADB120B-B45E-430A-A888-3EA62AEE70A5}.Debug|x64.Build.0 = Debug|Any CPU
		{5ADB120B-B45E-430A-A888-3EA62AEE70A5}.Debug|x86.ActiveCfg = Debug|Any CPU
		{5ADB120B-B45E-430A-A888-3EA62AEE70A5}.Debug|x86.Build.0 = Debug|Any CPU
		{5ADB120B-B45E-430A-A888-3EA62AEE70A5}.Release|Any CPU.ActiveCfg = Release|Any CPU
		{5ADB120B-B45E-430A-A888-3EA62AEE70A5}.Release|Any CPU.Build.0 = Release|Any CPU
		{5ADB120B-B45E-430A-A888-3EA62AEE70A5}.Release|x64.ActiveCfg = Release|Any CPU
		{5ADB120B-B45E-430A-A888-3EA62AEE70A5}.Release|x64.Build.0 = Release|Any CPU
		{5ADB120B-B45E-430A-A888-3EA62AEE70A5}.Release|x86.ActiveCfg = Release|Any CPU
		{5ADB120B-B45E-430A-A888-3EA62AEE70A5}.Release|x86.Build.0 = Release|Any CPU
		{FC632A41-6C2E-4E1B-8340-0EC189693F60}.Debug|Any CPU.ActiveCfg = Debug|Any CPU
		{FC632A41-6C2E-4E1B-8340-0EC189693F60}.Debug|Any CPU.Build.0 = Debug|Any CPU
		{FC632A41-6C2E-4E1B-8340-0EC189693F60}.Debug|x64.ActiveCfg = Debug|Any CPU
		{FC632A41-6C2E-4E1B-8340-0EC189693F60}.Debug|x64.Build.0 = Debug|Any CPU
		{FC632A41-6C2E-4E1B-8340-0EC189693F60}.Debug|x86.ActiveCfg = Debug|Any CPU
		{FC632A41-6C2E-4E1B-8340-0EC189693F60}.Debug|x86.Build.0 = Debug|Any CPU
		{FC632A41-6C2E-4E1B-8340-0EC189693F60}.Release|Any CPU.ActiveCfg = Release|Any CPU
		{FC632A41-6C2E-4E1B-8340-0EC189693F60}.Release|Any CPU.Build.0 = Release|Any CPU
		{FC632A41-6C2E-4E1B-8340-0EC189693F60}.Release|x64.ActiveCfg = Release|Any CPU
		{FC632A41-6C2E-4E1B-8340-0EC189693F60}.Release|x64.Build.0 = Release|Any CPU
		{FC632A41-6C2E-4E1B-8340-0EC189693F60}.Release|x86.ActiveCfg = Release|Any CPU
		{FC632A41-6C2E-4E1B-8340-0EC189693F60}.Release|x86.Build.0 = Release|Any CPU
	EndGlobalSection
	GlobalSection(SolutionProperties) = preSolution
		HideSolutionNode = FALSE
	EndGlobalSection
EndGlobal
